
Microsoft Visual Studio Solution File, Format Version 12.00
# Visual Studio 14
VisualStudioVersion = 14.0.23107.0
MinimumVisualStudioVersion = 10.0.40219.1
Project("{FAE04EC0-301F-11D3-BF4B-00C04F79EFBC}") = "SeekerSolver", "SeekerSolver\SeekerSolver.csproj", "{D7EA7203-5CA5-40B1-8020-ABDB0DEE6526}"
EndProject
Project("{FAE04EC0-301F-11D3-BF4B-00C04F79EFBC}") = "SeekerLib", "SeekerLib\SeekerLib.csproj", "{9F8CF748-8CC6-4FDD-84D2-65237514A6C1}"
EndProject
Global
	GlobalSection(SolutionConfigurationPlatforms) = preSolution
		Debug|Any CPU = Debug|Any CPU
		Release|Any CPU = Release|Any CPU
	EndGlobalSection
	GlobalSection(ProjectConfigurationPlatforms) = postSolution
		{D7EA7203-5CA5-40B1-8020-ABDB0DEE6526}.Debug|Any CPU.ActiveCfg = Debug|Any CPU
		{D7EA7203-5CA5-40B1-8020-ABDB0DEE6526}.Debug|Any CPU.Build.0 = Debug|Any CPU
		{D7EA7203-5CA5-40B1-8020-ABDB0DEE6526}.Release|Any CPU.ActiveCfg = Release|Any CPU
		{D7EA7203-5CA5-40B1-8020-ABDB0DEE6526}.Release|Any CPU.Build.0 = Release|Any CPU
		{9F8CF748-8CC6-4FDD-84D2-65237514A6C1}.Debug|Any CPU.ActiveCfg = Debug|Any CPU
		{9F8CF748-8CC6-4FDD-84D2-65237514A6C1}.Debug|Any CPU.Build.0 = Debug|Any CPU
		{9F8CF748-8CC6-4FDD-84D2-65237514A6C1}.Release|Any CPU.ActiveCfg = Release|Any CPU
		{9F8CF748-8CC6-4FDD-84D2-65237514A6C1}.Release|Any CPU.Build.0 = Release|Any CPU
	EndGlobalSection
	GlobalSection(SolutionProperties) = preSolution
		HideSolutionNode = FALSE
	EndGlobalSection
EndGlobal
